
Microsoft Visual Studio Solution File, Format Version 12.00
# Visual Studio Version 17
VisualStudioVersion = 17.3.32825.248
MinimumVisualStudioVersion = 10.0.40219.1
Project("{9A19103F-16F7-4668-BE54-9A1E7A4F7556}") = "Cars.WebAPI", "Cars.WebAPI\Cars.WebAPI.csproj", "{C414B790-F400-4FF5-BBBF-67311B55F687}"
EndProject
Global
	GlobalSection(SolutionConfigurationPlatforms) = preSolution
		Debug|Any CPU = Debug|Any CPU
		Release|Any CPU = Release|Any CPU
	EndGlobalSection
	GlobalSection(ProjectConfigurationPlatforms) = postSolution
		{C414B790-F400-4FF5-BBBF-67311B55F687}.Debug|Any CPU.ActiveCfg = Debug|Any CPU
		{C414B790-F400-4FF5-BBBF-67311B55F687}.Debug|Any CPU.Build.0 = Debug|Any CPU
		{C414B790-F400-4FF5-BBBF-67311B55F687}.Release|Any CPU.ActiveCfg = Release|Any CPU
		{C414B790-F400-4FF5-BBBF-67311B55F687}.Release|Any CPU.Build.0 = Release|Any CPU
	EndGlobalSection
	GlobalSection(SolutionProperties) = preSolution
		HideSolutionNode = FALSE
	EndGlobalSection
	GlobalSection(ExtensibilityGlobals) = postSolution
		SolutionGuid = {AD168B5A-730A-48A7-A40D-45642A16FAF7}
	EndGlobalSection
EndGlobal
